
Microsoft Visual Studio Solution File, Format Version 12.00
# Visual Studio Version 18
VisualStudioVersion = 18.3.11408.92 d18.3
MinimumVisualStudioVersion = 10.0.40219.1
Project("{FAE04EC0-301F-11D3-BF4B-00C04F79EFBC}") = "LostFoundQRSystem", "TABLAC_IT201WM_LABACT2_FINAL\LostFoundQRSystem.csproj", "{A16631BE-60F5-4F6F-9582-2011C9B23717}"
EndProject
Global
	GlobalSection(SolutionConfigurationPlatforms) = preSolution
		Debug|Any CPU = Debug|Any CPU
		Release|Any CPU = Release|Any CPU
	EndGlobalSection
	GlobalSection(ProjectConfigurationPlatforms) = postSolution
		{A16631BE-60F5-4F6F-9582-2011C9B23717}.Debug|Any CPU.ActiveCfg = Debug|Any CPU
		{A16631BE-60F5-4F6F-9582-2011C9B23717}.Debug|Any CPU.Build.0 = Debug|Any CPU
		{A16631BE-60F5-4F6F-9582-2011C9B23717}.Release|Any CPU.ActiveCfg = Release|Any CPU
		{A16631BE-60F5-4F6F-9582-2011C9B23717}.Release|Any CPU.Build.0 = Release|Any CPU
	EndGlobalSection
	GlobalSection(SolutionProperties) = preSolution
		HideSolutionNode = FALSE
	EndGlobalSection
	GlobalSection(ExtensibilityGlobals) = postSolution
		SolutionGuid = {549A434A-2616-4A1A-8CD3-0100D47358B1}
	EndGlobalSection
EndGlobal
